
Microsoft Visual Studio Solution File, Format Version 12.00
# Visual Studio Version 17
VisualStudioVersion = 17.4.33213.308
MinimumVisualStudioVersion = 10.0.40219.1
Project("{FAE04EC0-301F-11D3-BF4B-00C04F79EFBC}") = "Game_Frogs", "Game_Frogs\Game_Frogs.csproj", "{89D5A782-6B76-481D-A884-9361E09483B7}"
EndProject
Global
	GlobalSection(SolutionConfigurationPlatforms) = preSolution
		Debug|Any CPU = Debug|Any CPU
		Release|Any CPU = Release|Any CPU
	EndGlobalSection
	GlobalSection(ProjectConfigurationPlatforms) = postSolution
		{89D5A782-6B76-481D-A884-9361E09483B7}.Debug|Any CPU.ActiveCfg = Debug|Any CPU
		{89D5A782-6B76-481D-A884-9361E09483B7}.Debug|Any CPU.Build.0 = Debug|Any CPU
		{89D5A782-6B76-481D-A884-9361E09483B7}.Release|Any CPU.ActiveCfg = Release|Any CPU
		{89D5A782-6B76-481D-A884-9361E09483B7}.Release|Any CPU.Build.0 = Release|Any CPU
	EndGlobalSection
	GlobalSection(SolutionProperties) = preSolution
		HideSolutionNode = FALSE
	EndGlobalSection
	GlobalSection(ExtensibilityGlobals) = postSolution
		SolutionGuid = {A58EE609-F3D1-4FFA-A710-F4B8F18D57E8}
	EndGlobalSection
EndGlobal
